
Microsoft Visual Studio Solution File, Format Version 12.00
# Visual Studio Version 17
VisualStudioVersion = 17.0.32112.339
MinimumVisualStudioVersion = 10.0.40219.1
Project("{FAE04EC0-301F-11D3-BF4B-00C04F79EFBC}") = "PartyOfSix", "PartyOfSix\PartyOfSix.csproj", "{C6F7DDE6-246C-420A-9047-129CF9576D38}"
EndProject
Project("{FAE04EC0-301F-11D3-BF4B-00C04F79EFBC}") = "FreeRetrain", "FreeRetrain\FreeRetrain.csproj", "{9130259D-C2D1-4A80-8966-2BD6D880F5B6}"
EndProject
Project("{FAE04EC0-301F-11D3-BF4B-00C04F79EFBC}") = "WorldMapFastTravel", "WorldMapFastTravel\WorldMapFastTravel.csproj", "{CD9DEF2F-8862-4170-9B46-1A3EFCC30E5C}"
EndProject
Project("{FAE04EC0-301F-11D3-BF4B-00C04F79EFBC}") = "Test", "Test\Test.csproj", "{4E4D1C82-880F-4120-9E17-9E12AE643AE5}"
EndProject
Project("{FAE04EC0-301F-11D3-BF4B-00C04F79EFBC}") = "Test_BepInEx", "Test_BepInEx\Test_BepInEx.csproj", "{D6FBA011-3ED4-4AE3-B8DF-39FDE2257BE0}"
EndProject
Project("{FAE04EC0-301F-11D3-BF4B-00C04F79EFBC}") = "FreeRetrain_BepInEx", "FreeRetrain_BepInEx\FreeRetrain_BepInEx.csproj", "{65E09B79-C736-4C0F-8552-8B97AC4F54B1}"
EndProject
Project("{FAE04EC0-301F-11D3-BF4B-00C04F79EFBC}") = "PartyOfSix_BepInEx", "PartyOfSix_BepInEx\PartyOfSix_BepInEx.csproj", "{771847E8-51D9-4B36-B17A-7054B35259B7}"
EndProject
Project("{FAE04EC0-301F-11D3-BF4B-00C04F79EFBC}") = "WorldMapFastTravel_BepInEx", "WorldMapFastTravel_BepInEx\WorldMapFastTravel_BepInEx.csproj", "{3FAB68CE-550F-474C-994D-A625C81A4BCF}"
EndProject
Global
	GlobalSection(SolutionConfigurationPlatforms) = preSolution
		Debug|Any CPU = Debug|Any CPU
		Release|Any CPU = Release|Any CPU
	EndGlobalSection
	GlobalSection(ProjectConfigurationPlatforms) = postSolution
		{C6F7DDE6-246C-420A-9047-129CF9576D38}.Debug|Any CPU.ActiveCfg = Debug|Any CPU
		{C6F7DDE6-246C-420A-9047-129CF9576D38}.Debug|Any CPU.Build.0 = Debug|Any CPU
		{C6F7DDE6-246C-420A-9047-129CF9576D38}.Release|Any CPU.ActiveCfg = Release|Any CPU
		{C6F7DDE6-246C-420A-9047-129CF9576D38}.Release|Any CPU.Build.0 = Release|Any CPU
		{9130259D-C2D1-4A80-8966-2BD6D880F5B6}.Debug|Any CPU.ActiveCfg = Debug|Any CPU
		{9130259D-C2D1-4A80-8966-2BD6D880F5B6}.Debug|Any CPU.Build.0 = Debug|Any CPU
		{9130259D-C2D1-4A80-8966-2BD6D880F5B6}.Release|Any CPU.ActiveCfg = Release|Any CPU
		{9130259D-C2D1-4A80-8966-2BD6D880F5B6}.Release|Any CPU.Build.0 = Release|Any CPU
		{CD9DEF2F-8862-4170-9B46-1A3EFCC30E5C}.Debug|Any CPU.ActiveCfg = Debug|Any CPU
		{CD9DEF2F-8862-4170-9B46-1A3EFCC30E5C}.Debug|Any CPU.Build.0 = Debug|Any CPU
		{CD9DEF2F-8862-4170-9B46-1A3EFCC30E5C}.Release|Any CPU.ActiveCfg = Release|Any CPU
		{CD9DEF2F-8862-4170-9B46-1A3EFCC30E5C}.Release|Any CPU.Build.0 = Release|Any CPU
		{4E4D1C82-880F-4120-9E17-9E12AE643AE5}.Debug|Any CPU.ActiveCfg = Debug|Any CPU
		{4E4D1C82-880F-4120-9E17-9E12AE643AE5}.Debug|Any CPU.Build.0 = Debug|Any CPU
		{4E4D1C82-880F-4120-9E17-9E12AE643AE5}.Release|Any CPU.ActiveCfg = Release|Any CPU
		{4E4D1C82-880F-4120-9E17-9E12AE643AE5}.Release|Any CPU.Build.0 = Release|Any CPU
		{D6FBA011-3ED4-4AE3-B8DF-39FDE2257BE0}.Debug|Any CPU.ActiveCfg = Debug|Any CPU
		{D6FBA011-3ED4-4AE3-B8DF-39FDE2257BE0}.Debug|Any CPU.Build.0 = Debug|Any CPU
		{D6FBA011-3ED4-4AE3-B8DF-39FDE2257BE0}.Release|Any CPU.ActiveCfg = Release|Any CPU
		{D6FBA011-3ED4-4AE3-B8DF-39FDE2257BE0}.Release|Any CPU.Build.0 = Release|Any CPU
		{65E09B79-C736-4C0F-8552-8B97AC4F54B1}.Debug|Any CPU.ActiveCfg = Debug|Any CPU
		{65E09B79-C736-4C0F-8552-8B97AC4F54B1}.Debug|Any CPU.Build.0 = Debug|Any CPU
		{65E09B79-C736-4C0F-8552-8B97AC4F54B1}.Release|Any CPU.ActiveCfg = Release|Any CPU
		{65E09B79-C736-4C0F-8552-8B97AC4F54B1}.Release|Any CPU.Build.0 = Release|Any CPU
		{771847E8-51D9-4B36-B17A-7054B35259B7}.Debug|Any CPU.ActiveCfg = Debug|Any CPU
		{771847E8-51D9-4B36-B17A-7054B35259B7}.Debug|Any CPU.Build.0 = Debug|Any CPU
		{771847E8-51D9-4B36-B17A-7054B35259B7}.Release|Any CPU.ActiveCfg = Release|Any CPU
		{771847E8-51D9-4B36-B17A-7054B35259B7}.Release|Any CPU.Build.0 = Release|Any CPU
		{3FAB68CE-550F-474C-994D-A625C81A4BCF}.Debug|Any CPU.ActiveCfg = Debug|Any CPU
		{3FAB68CE-550F-474C-994D-A625C81A4BCF}.Debug|Any CPU.Build.0 = Debug|Any CPU
		{3FAB68CE-550F-474C-994D-A625C81A4BCF}.Release|Any CPU.ActiveCfg = Release|Any CPU
		{3FAB68CE-550F-474C-994D-A625C81A4BCF}.Release|Any CPU.Build.0 = Release|Any CPU
	EndGlobalSection
	GlobalSection(SolutionProperties) = preSolution
		HideSolutionNode = FALSE
	EndGlobalSection
	GlobalSection(ExtensibilityGlobals) = postSolution
		SolutionGuid = {C3C6B5E1-65F9-42BC-886F-D20B09E6A39D}
	EndGlobalSection
EndGlobal
